// !$*UTF8*$!
{
	archiveVersion = 1;
	classes = {
	};
	objectVersion = 46;
	objects = {

/* Begin PBXBuildFile section */
		A11AF2D51CBD2D80002EED3E /* Assets.xcassets in Resources */ = {isa = PBXBuildFile; fileRef = A11AF2D41CBD2D80002EED3E /* Assets.xcassets */; };
		A11AF2FB1CBD2F3D002EED3E /* AppDelegate.m in Sources */ = {isa = PBXBuildFile; fileRef = A11AF2F21CBD2F3D002EED3E /* AppDelegate.m */; };
		A11AF2FC1CBD2F3D002EED3E /* haho.xcdatamodeld in Sources */ = {isa = PBXBuildFile; fileRef = A11AF2F31CBD2F3D002EED3E /* haho.xcdatamodeld */; };
		A11AF2FE1CBD2F3D002EED3E /* main.m in Sources */ = {isa = PBXBuildFile; fileRef = A11AF2F61CBD2F3D002EED3E /* main.m */; };
		A11AF3041CBD2F9D002EED3E /* HHNavigationBar.m in Sources */ = {isa = PBXBuildFile; fileRef = A11AF3031CBD2F9D002EED3E /* HHNavigationBar.m */; };
		A11AF3071CBD3500002EED3E /* HHTabBarViewController.m in Sources */ = {isa = PBXBuildFile; fileRef = A11AF3061CBD3500002EED3E /* HHTabBarViewController.m */; };
/* End PBXBuildFile section */

/* Begin PBXFileReference section */
		A11AF2C21CBD2D80002EED3E /* haho.app */ = {isa = PBXFileReference; explicitFileType = wrapper.application; includeInIndex = 0; path = haho.app; sourceTree = BUILT_PRODUCTS_DIR; };
		A11AF2D41CBD2D80002EED3E /* Assets.xcassets */ = {isa = PBXFileReference; lastKnownFileType = folder.assetcatalog; path = Assets.xcassets; sourceTree = "<group>"; };
		A11AF2F11CBD2F3D002EED3E /* AppDelegate.h */ = {isa = PBXFileReference; fileEncoding = 4; lastKnownFileType = sourcecode.c.h; path = AppDelegate.h; sourceTree = "<group>"; };
		A11AF2F21CBD2F3D002EED3E /* AppDelegate.m */ = {isa = PBXFileReference; fileEncoding = 4; lastKnownFileType = sourcecode.c.objc; path = AppDelegate.m; sourceTree = "<group>"; };
		A11AF2F41CBD2F3D002EED3E /* haho.xcdatamodel */ = {isa = PBXFileReference; lastKnownFileType = wrapper.xcdatamodel; path = haho.xcdatamodel; sourceTree = "<group>"; };
		A11AF2F51CBD2F3D002EED3E /* Info.plist */ = {isa = PBXFileReference; fileEncoding = 4; lastKnownFileType = text.plist.xml; path = Info.plist; sourceTree = "<group>"; };
		A11AF2F61CBD2F3D002EED3E /* main.m */ = {isa = PBXFileReference; fileEncoding = 4; lastKnownFileType = sourcecode.c.objc; path = main.m; sourceTree = "<group>"; };
		A11AF3021CBD2F9D002EED3E /* HHNavigationBar.h */ = {isa = PBXFileReference; fileEncoding = 4; lastKnownFileType = sourcecode.c.h; path = HHNavigationBar.h; sourceTree = "<group>"; };
		A11AF3031CBD2F9D002EED3E /* HHNavigationBar.m */ = {isa = PBXFileReference; fileEncoding = 4; lastKnownFileType = sourcecode.c.objc; path = HHNavigationBar.m; sourceTree = "<group>"; };
		A11AF3051CBD3500002EED3E /* HHTabBarViewController.h */ = {isa = PBXFileReference; fileEncoding = 4; lastKnownFileType = sourcecode.c.h; path = HHTabBarViewController.h; sourceTree = "<group>"; };
		A11AF3061CBD3500002EED3E /* HHTabBarViewController.m */ = {isa = PBXFileReference; fileEncoding = 4; lastKnownFileType = sourcecode.c.objc; path = HHTabBarViewController.m; sourceTree = "<group>"; };
/* End PBXFileReference section */

/* Begin PBXFrameworksBuildPhase section */
		A11AF2BF1CBD2D80002EED3E /* Frameworks */ = {
			isa = PBXFrameworksBuildPhase;
			buildActionMask = 2147483647;
			files = (
			);
			runOnlyForDeploymentPostprocessing = 0;
		};
/* End PBXFrameworksBuildPhase section */

/* Begin PBXGroup section */
		A11AF2B91CBD2D80002EED3E = {
			isa = PBXGroup;
			children = (
				A11AF2C41CBD2D80002EED3E /* haho */,
				A11AF2C31CBD2D80002EED3E /* Products */,
			);
			sourceTree = "<group>";
		};
		A11AF2C31CBD2D80002EED3E /* Products */ = {
			isa = PBXGroup;
			children = (
				A11AF2C21CBD2D80002EED3E /* haho.app */,
			);
			name = Products;
			sourceTree = "<group>";
		};
		A11AF2C41CBD2D80002EED3E /* haho */ = {
			isa = PBXGroup;
			children = (
				A11AF2DF1CBD2F3D002EED3E /* class */,
				A11AF2D41CBD2D80002EED3E /* Assets.xcassets */,
				A11AF2C51CBD2D80002EED3E /* Supporting Files */,
			);
			path = haho;
			sourceTree = "<group>";
		};
		A11AF2C51CBD2D80002EED3E /* Supporting Files */ = {
			isa = PBXGroup;
			children = (
			);
			name = "Supporting Files";
			sourceTree = "<group>";
		};
		A11AF2DF1CBD2F3D002EED3E /* class */ = {
			isa = PBXGroup;
			children = (
				A11AF2E01CBD2F3D002EED3E /* Category */,
				A11AF2E41CBD2F3D002EED3E /* Discover */,
				A11AF2E81CBD2F3D002EED3E /* Index */,
				A11AF2EC1CBD2F3D002EED3E /* Me */,
				A11AF2F71CBD2F3D002EED3E /* ShopCar */,
				A11AF2F01CBD2F3D002EED3E /* Other */,
			);
			path = class;
			sourceTree = "<group>";
		};
		A11AF2E01CBD2F3D002EED3E /* Category */ = {
			isa = PBXGroup;
			children = (
				A11AF2E11CBD2F3D002EED3E /* Controller */,
				A11AF2E21CBD2F3D002EED3E /* Model */,
				A11AF2E31CBD2F3D002EED3E /* View */,
			);
			path = Category;
			sourceTree = "<group>";
		};
		A11AF2E11CBD2F3D002EED3E /* Controller */ = {
			isa = PBXGroup;
			children = (
			);
			path = Controller;
			sourceTree = "<group>";
		};
		A11AF2E21CBD2F3D002EED3E /* Model */ = {
			isa = PBXGroup;
			children = (
			);
			path = Model;
			sourceTree = "<group>";
		};
		A11AF2E31CBD2F3D002EED3E /* View */ = {
			isa = PBXGroup;
			children = (
			);
			path = View;
			sourceTree = "<group>";
		};
		A11AF2E41CBD2F3D002EED3E /* Discover */ = {
			isa = PBXGroup;
			children = (
				A11AF2E51CBD2F3D002EED3E /* Controller */,
				A11AF2E61CBD2F3D002EED3E /* Model */,
				A11AF2E71CBD2F3D002EED3E /* View */,
			);
			path = Discover;
			sourceTree = "<group>";
		};
		A11AF2E51CBD2F3D002EED3E /* Controller */ = {
			isa = PBXGroup;
			children = (
			);
			path = Controller;
			sourceTree = "<group>";
		};
		A11AF2E61CBD2F3D002EED3E /* Model */ = {
			isa = PBXGroup;
			children = (
			);
			path = Model;
			sourceTree = "<group>";
		};
		A11AF2E71CBD2F3D002EED3E /* View */ = {
			isa = PBXGroup;
			children = (
			);
			path = View;
			sourceTree = "<group>";
		};
		A11AF2E81CBD2F3D002EED3E /* Index */ = {
			isa = PBXGroup;
			children = (
				A11AF2E91CBD2F3D002EED3E /* Controller */,
				A11AF2EA1CBD2F3D002EED3E /* Model */,
				A11AF2EB1CBD2F3D002EED3E /* View */,
			);
			path = Index;
			sourceTree = "<group>";
		};
		A11AF2E91CBD2F3D002EED3E /* Controller */ = {
			isa = PBXGroup;
			children = (
			);
			path = Controller;
			sourceTree = "<group>";
		};
		A11AF2EA1CBD2F3D002EED3E /* Model */ = {
			isa = PBXGroup;
			children = (
			);
			path = Model;
			sourceTree = "<group>";
		};
		A11AF2EB1CBD2F3D002EED3E /* View */ = {
			isa = PBXGroup;
			children = (
			);
			path = View;
			sourceTree = "<group>";
		};
		A11AF2EC1CBD2F3D002EED3E /* Me */ = {
			isa = PBXGroup;
			children = (
				A11AF2ED1CBD2F3D002EED3E /* Controller */,
				A11AF2EE1CBD2F3D002EED3E /* Model */,
				A11AF2EF1CBD2F3D002EED3E /* View */,
			);
			path = Me;
			sourceTree = "<group>";
		};
		A11AF2ED1CBD2F3D002EED3E /* Controller */ = {
			isa = PBXGroup;
			children = (
			);
			path = Controller;
			sourceTree = "<group>";
		};
		A11AF2EE1CBD2F3D002EED3E /* Model */ = {
			isa = PBXGroup;
			children = (
			);
			path = Model;
			sourceTree = "<group>";
		};
		A11AF2EF1CBD2F3D002EED3E /* View */ = {
			isa = PBXGroup;
			children = (
			);
			path = View;
			sourceTree = "<group>";
		};
		A11AF2F01CBD2F3D002EED3E /* Other */ = {
			isa = PBXGroup;
			children = (
				A11AF2F11CBD2F3D002EED3E /* AppDelegate.h */,
				A11AF2F21CBD2F3D002EED3E /* AppDelegate.m */,
				A11AF2F31CBD2F3D002EED3E /* haho.xcdatamodeld */,
				A11AF2F51CBD2F3D002EED3E /* Info.plist */,
				A11AF2F61CBD2F3D002EED3E /* main.m */,
				A11AF3021CBD2F9D002EED3E /* HHNavigationBar.h */,
				A11AF3031CBD2F9D002EED3E /* HHNavigationBar.m */,
				A11AF3051CBD3500002EED3E /* HHTabBarViewController.h */,
				A11AF3061CBD3500002EED3E /* HHTabBarViewController.m */,
			);
			path = Other;
			sourceTree = "<group>";
		};
		A11AF2F71CBD2F3D002EED3E /* ShopCar */ = {
			isa = PBXGroup;
			children = (
				A11AF2F81CBD2F3D002EED3E /* Controller */,
				A11AF2F91CBD2F3D002EED3E /* Model */,
				A11AF2FA1CBD2F3D002EED3E /* View */,
			);
			path = ShopCar;
			sourceTree = "<group>";
		};
		A11AF2F81CBD2F3D002EED3E /* Controller */ = {
			isa = PBXGroup;
			children = (
			);
			path = Controller;
			sourceTree = "<group>";
		};
		A11AF2F91CBD2F3D002EED3E /* Model */ = {
			isa = PBXGroup;
			children = (
			);
			path = Model;
			sourceTree = "<group>";
		};
		A11AF2FA1CBD2F3D002EED3E /* View */ = {
			isa = PBXGroup;
			children = (
			);
			path = View;
			sourceTree = "<group>";
		};
/* End PBXGroup section */

/* Begin PBXNativeTarget section */
		A11AF2C11CBD2D80002EED3E /* haho */ = {
			isa = PBXNativeTarget;
			buildConfigurationList = A11AF2DC1CBD2D80002EED3E /* Build configuration list for PBXNativeTarget "haho" */;
			buildPhases = (
				A11AF2BE1CBD2D80002EED3E /* Sources */,
				A11AF2BF1CBD2D80002EED3E /* Frameworks */,
				A11AF2C01CBD2D80002EED3E /* Resources */,
			);
			buildRules = (
			);
			dependencies = (
			);
			name = haho;
			productName = haho;
			productReference = A11AF2C21CBD2D80002EED3E /* haho.app */;
			productType = "com.apple.product-type.application";
		};
/* End PBXNativeTarget section */

/* Begin PBXProject section */
		A11AF2BA1CBD2D80002EED3E /* Project object */ = {
			isa = PBXProject;
			attributes = {
				CLASSPREFIX = HH;
				LastUpgradeCheck = 0730;
				ORGANIZATIONNAME = vangehome;
				TargetAttributes = {
					A11AF2C11CBD2D80002EED3E = {
						CreatedOnToolsVersion = 7.3;
						DevelopmentTeam = XSFC4T945T;
					};
				};
			};
			buildConfigurationList = A11AF2BD1CBD2D80002EED3E /* Build configuration list for PBXProject "haho" */;
			compatibilityVersion = "Xcode 3.2";
			developmentRegion = English;
			hasScannedForEncodings = 0;
			knownRegions = (
				en,
				Base,
			);
			mainGroup = A11AF2B91CBD2D80002EED3E;
			productRefGroup = A11AF2C31CBD2D80002EED3E /* Products */;
			projectDirPath = "";
			projectRoot = "";
			targets = (
				A11AF2C11CBD2D80002EED3E /* haho */,
			);
		};
/* End PBXProject section */

/* Begin PBXResourcesBuildPhase section */
		A11AF2C01CBD2D80002EED3E /* Resources */ = {
			isa = PBXResourcesBuildPhase;
			buildActionMask = 2147483647;
			files = (
				A11AF2D51CBD2D80002EED3E /* Assets.xcassets in Resources */,
			);
			runOnlyForDeploymentPostprocessing = 0;
		};
/* End PBXResourcesBuildPhase section */

/* Begin PBXSourcesBuildPhase section */
		A11AF2BE1CBD2D80002EED3E /* Sources */ = {
			isa = PBXSourcesBuildPhase;
			buildActionMask = 2147483647;
			files = (
				A11AF3071CBD3500002EED3E /* HHTabBarViewController.m in Sources */,
				A11AF2FB1CBD2F3D002EED3E /* AppDelegate.m in Sources */,
				A11AF2FE1CBD2F3D002EED3E /* main.m in Sources */,
				A11AF3041CBD2F9D002EED3E /* HHNavigationBar.m in Sources */,
				A11AF2FC1CBD2F3D002EED3E /* haho.xcdatamodeld in Sources */,
			);
			runOnlyForDeploymentPostprocessing = 0;
		};
/* End PBXSourcesBuildPhase section */

/* Begin XCBuildConfiguration section */
		A11AF2DA1CBD2D80002EED3E /* Debug */ = {
			isa = XCBuildConfiguration;
			buildSettings = {
				ALWAYS_SEARCH_USER_PATHS = NO;
				CLANG_ANALYZER_NONNULL = YES;
				CLANG_CXX_LANGUAGE_STANDARD = "gnu++0x";
				CLANG_CXX_LIBRARY = "libc++";
				CLANG_ENABLE_MODULES = YES;
				CLANG_ENABLE_OBJC_ARC = YES;
				CLANG_WARN_BOOL_CONVERSION = YES;
				CLANG_WARN_CONSTANT_CONVERSION = YES;
				CLANG_WARN_DIRECT_OBJC_ISA_USAGE = YES_ERROR;
				CLANG_WARN_EMPTY_BODY = YES;
				CLANG_WARN_ENUM_CONVERSION = YES;
				CLANG_WARN_INT_CONVERSION = YES;
				CLANG_WARN_OBJC_ROOT_CLASS = YES_ERROR;
				CLANG_WARN_UNREACHABLE_CODE = YES;
				CLANG_WARN__DUPLICATE_METHOD_MATCH = YES;
				"CODE_SIGN_IDENTITY[sdk=iphoneos*]" = "iPhone Developer";
				COPY_PHASE_STRIP = NO;
				DEBUG_INFORMATION_FORMAT = dwarf;
				ENABLE_STRICT_OBJC_MSGSEND = YES;
				ENABLE_TESTABILITY = YES;
				GCC_C_LANGUAGE_STANDARD = gnu99;
				GCC_DYNAMIC_NO_PIC = NO;
				GCC_NO_COMMON_BLOCKS = YES;
				GCC_OPTIMIZATION_LEVEL = 0;
				GCC_PREPROCESSOR_DEFINITIONS = (
					"DEBUG=1",
					"$(inherited)",
				);
				GCC_WARN_64_TO_32_BIT_CONVERSION = YES;
				GCC_WARN_ABOUT_RETURN_TYPE = YES_ERROR;
				GCC_WARN_UNDECLARED_SELECTOR = YES;
				GCC_WARN_UNINITIALIZED_AUTOS = YES_AGGRESSIVE;
				GCC_WARN_UNUSED_FUNCTION = YES;
				GCC_WARN_UNUSED_VARIABLE = YES;
				IPHONEOS_DEPLOYMENT_TARGET = 8.0;
				MTL_ENABLE_DEBUG_INFO = YES;
				ONLY_ACTIVE_ARCH = YES;
				SDKROOT = iphoneos;
			};
			name = Debug;
		};
		A11AF2DB1CBD2D80002EED3E /* Release */ = {
			isa = XCBuildConfiguration;
			buildSettings = {
				ALWAYS_SEARCH_USER_PATHS = NO;
				CLANG_ANALYZER_NONNULL = YES;
				CLANG_CXX_LANGUAGE_STANDARD = "gnu++0x";
				CLANG_CXX_LIBRARY = "libc++";
				CLANG_ENABLE_MODULES = YES;
				CLANG_ENABLE_OBJC_ARC = YES;
				CLANG_WARN_BOOL_CONVERSION = YES;
				CLANG_WARN_CONSTANT_CONVERSION = YES;
				CLANG_WARN_DIRECT_OBJC_ISA_USAGE = YES_ERROR;
				CLANG_WARN_EMPTY_BODY = YES;
				CLANG_WARN_ENUM_CONVERSION = YES;
				CLANG_WARN_INT_CONVERSION = YES;
				CLANG_WARN_OBJC_ROOT_CLASS = YES_ERROR;
				CLANG_WARN_UNREACHABLE_CODE = YES;
				CLANG_WARN__DUPLICATE_METHOD_MATCH = YES;
				"CODE_SIGN_IDENTITY[sdk=iphoneos*]" = "iPhone Developer";
				COPY_PHASE_STRIP = NO;
				DEBUG_INFORMATION_FORMAT = "dwarf-with-dsym";
				ENABLE_NS_ASSERTIONS = NO;
				ENABLE_STRICT_OBJC_MSGSEND = YES;
				GCC_C_LANGUAGE_STANDARD = gnu99;
				GCC_NO_COMMON_BLOCKS = YES;
				GCC_WARN_64_TO_32_BIT_CONVERSION = YES;
				GCC_WARN_ABOUT_RETURN_TYPE = YES_ERROR;
				GCC_WARN_UNDECLARED_SELECTOR = YES;
				GCC_WARN_UNINITIALIZED_AUTOS = YES_AGGRESSIVE;
				GCC_WARN_UNUSED_FUNCTION = YES;
				GCC_WARN_UNUSED_VARIABLE = YES;
				IPHONEOS_DEPLOYMENT_TARGET = 8.0;
				MTL_ENABLE_DEBUG_INFO = NO;
				SDKROOT = iphoneos;
				VALIDATE_PRODUCT = YES;
			};
			name = Release;
		};
		A11AF2DD1CBD2D80002EED3E /* Debug */ = {
			isa = XCBuildConfiguration;
			buildSettings = {
				ASSETCATALOG_COMPILER_APPICON_NAME = AppIcon;
				ASSETCATALOG_COMPILER_LAUNCHIMAGE_NAME = "Brand Assets";
				INFOPLIST_FILE = "$(SRCROOT)/haho/class/Other/Info.plist";
				LD_RUNPATH_SEARCH_PATHS = "$(inherited) @executable_path/Frameworks";
				PRODUCT_BUNDLE_IDENTIFIER = com.vangehome.haho;
				PRODUCT_NAME = "$(TARGET_NAME)";
			};
			name = Debug;
		};
		A11AF2DE1CBD2D80002EED3E /* Release */ = {
			isa = XCBuildConfiguration;
			buildSettings = {
				ASSETCATALOG_COMPILER_APPICON_NAME = AppIcon;
				ASSETCATALOG_COMPILER_LAUNCHIMAGE_NAME = "Brand Assets";
				INFOPLIST_FILE = "$(SRCROOT)/haho/class/Other/Info.plist";
				LD_RUNPATH_SEARCH_PATHS = "$(inherited) @executable_path/Frameworks";
				PRODUCT_BUNDLE_IDENTIFIER = com.vangehome.haho;
				PRODUCT_NAME = "$(TARGET_NAME)";
			};
			name = Release;
		};
/* End XCBuildConfiguration section */

/* Begin XCConfigurationList section */
		A11AF2BD1CBD2D80002EED3E /* Build configuration list for PBXProject "haho" */ = {
			isa = XCConfigurationList;
			buildConfigurations = (
				A11AF2DA1CBD2D80002EED3E /* Debug */,
				A11AF2DB1CBD2D80002EED3E /* Release */,
			);
			defaultConfigurationIsVisible = 0;
			defaultConfigurationName = Release;
		};
		A11AF2DC1CBD2D80002EED3E /* Build configuration list for PBXNativeTarget "haho" */ = {
			isa = XCConfigurationList;
			buildConfigurations = (
				A11AF2DD1CBD2D80002EED3E /* Debug */,
				A11AF2DE1CBD2D80002EED3E /* Release */,
			);
			defaultConfigurationIsVisible = 0;
		};
/* End XCConfigurationList section */

/* Begin XCVersionGroup section */
		A11AF2F31CBD2F3D002EED3E /* haho.xcdatamodeld */ = {
			isa = XCVersionGroup;
			children = (
				A11AF2F41CBD2F3D002EED3E /* haho.xcdatamodel */,
			);
			currentVersion = A11AF2F41CBD2F3D002EED3E /* haho.xcdatamodel */;
			path = haho.xcdatamodeld;
			sourceTree = "<group>";
			versionGroupType = wrapper.xcdatamodel;
		};
/* End XCVersionGroup section */
	};
	rootObject = A11AF2BA1CBD2D80002EED3E /* Project object */;
}
