<?xml version="1.0" encoding="UTF-8"?>
<!DOCTYPE plist PUBLIC "-//Apple//DTD PLIST 1.0//EN" "http://www.apple.com/DTDs/PropertyList-1.0.dtd">
<plist version="1.0">
<dict>
	<key>archiveVersion</key>
	<string>1</string>
	<key>classes</key>
	<dict/>
	<key>objectVersion</key>
	<string>46</string>
	<key>objects</key>
	<dict>
		<key>10DAAA414D7896F40A4F22CB</key>
		<dict>
			<key>buildActionMask</key>
			<string>2147483647</string>
			<key>files</key>
			<array/>
			<key>inputPaths</key>
			<array/>
			<key>isa</key>
			<string>PBXShellScriptBuildPhase</string>
			<key>name</key>
			<string>Embed Pods Frameworks</string>
			<key>outputPaths</key>
			<array/>
			<key>runOnlyForDeploymentPostprocessing</key>
			<string>0</string>
			<key>shellPath</key>
			<string>/bin/sh</string>
			<key>shellScript</key>
			<string>"${SRCROOT}/Pods/Target Support Files/Pods/Pods-frameworks.sh"
</string>
			<key>showEnvVarsInLog</key>
			<string>0</string>
		</dict>
		<key>150D3FB52B40235673A05914</key>
		<dict>
			<key>includeInIndex</key>
			<string>1</string>
			<key>isa</key>
			<string>PBXFileReference</string>
			<key>lastKnownFileType</key>
			<string>text.xcconfig</string>
			<key>name</key>
			<string>Pods.debug.xcconfig</string>
			<key>path</key>
			<string>Pods/Target Support Files/Pods/Pods.debug.xcconfig</string>
			<key>sourceTree</key>
			<string>&lt;group&gt;</string>
		</dict>
		<key>3422B1AA43F6FAF2282CDFB7</key>
		<dict>
			<key>children</key>
			<array>
				<string>150D3FB52B40235673A05914</string>
				<string>79FD3F595C40EE4B4B44B0EC</string>
			</array>
			<key>isa</key>
			<string>PBXGroup</string>
			<key>name</key>
			<string>Pods</string>
			<key>sourceTree</key>
			<string>&lt;group&gt;</string>
		</dict>
		<key>35A6B4A95B7AC7B613CD16DC</key>
		<dict>
			<key>buildActionMask</key>
			<string>2147483647</string>
			<key>files</key>
			<array/>
			<key>inputPaths</key>
			<array/>
			<key>isa</key>
			<string>PBXShellScriptBuildPhase</string>
			<key>name</key>
			<string>Check Pods Manifest.lock</string>
			<key>outputPaths</key>
			<array/>
			<key>runOnlyForDeploymentPostprocessing</key>
			<string>0</string>
			<key>shellPath</key>
			<string>/bin/sh</string>
			<key>shellScript</key>
			<string>diff "${PODS_ROOT}/../Podfile.lock" "${PODS_ROOT}/Manifest.lock" &gt; /dev/null
if [[ $? != 0 ]] ; then
    cat &lt;&lt; EOM
error: The sandbox is not in sync with the Podfile.lock. Run 'pod install' or update your CocoaPods installation.
EOM
    exit 1
fi
</string>
			<key>showEnvVarsInLog</key>
			<string>0</string>
		</dict>
		<key>79FD3F595C40EE4B4B44B0EC</key>
		<dict>
			<key>includeInIndex</key>
			<string>1</string>
			<key>isa</key>
			<string>PBXFileReference</string>
			<key>lastKnownFileType</key>
			<string>text.xcconfig</string>
			<key>name</key>
			<string>Pods.release.xcconfig</string>
			<key>path</key>
			<string>Pods/Target Support Files/Pods/Pods.release.xcconfig</string>
			<key>sourceTree</key>
			<string>&lt;group&gt;</string>
		</dict>
		<key>A11AF2B91CBD2D80002EED3E</key>
		<dict>
			<key>children</key>
			<array>
				<string>A11AF2C41CBD2D80002EED3E</string>
				<string>A11AF2C31CBD2D80002EED3E</string>
				<string>3422B1AA43F6FAF2282CDFB7</string>
				<string>EF696F74BAEF0A10DB0D250F</string>
			</array>
			<key>isa</key>
			<string>PBXGroup</string>
			<key>sourceTree</key>
			<string>&lt;group&gt;</string>
		</dict>
		<key>A11AF2BA1CBD2D80002EED3E</key>
		<dict>
			<key>attributes</key>
			<dict>
				<key>CLASSPREFIX</key>
				<string>HH</string>
				<key>LastUpgradeCheck</key>
				<string>0730</string>
				<key>ORGANIZATIONNAME</key>
				<string>vangehome</string>
				<key>TargetAttributes</key>
				<dict>
					<key>A11AF2C11CBD2D80002EED3E</key>
					<dict>
						<key>CreatedOnToolsVersion</key>
						<string>7.3</string>
						<key>DevelopmentTeam</key>
						<string>XSFC4T945T</string>
					</dict>
				</dict>
			</dict>
			<key>buildConfigurationList</key>
			<string>A11AF2BD1CBD2D80002EED3E</string>
			<key>compatibilityVersion</key>
			<string>Xcode 3.2</string>
			<key>developmentRegion</key>
			<string>English</string>
			<key>hasScannedForEncodings</key>
			<string>0</string>
			<key>isa</key>
			<string>PBXProject</string>
			<key>knownRegions</key>
			<array>
				<string>en</string>
				<string>Base</string>
			</array>
			<key>mainGroup</key>
			<string>A11AF2B91CBD2D80002EED3E</string>
			<key>productRefGroup</key>
			<string>A11AF2C31CBD2D80002EED3E</string>
			<key>projectDirPath</key>
			<string></string>
			<key>projectReferences</key>
			<array/>
			<key>projectRoot</key>
			<string></string>
			<key>targets</key>
			<array>
				<string>A11AF2C11CBD2D80002EED3E</string>
			</array>
		</dict>
		<key>A11AF2BD1CBD2D80002EED3E</key>
		<dict>
			<key>buildConfigurations</key>
			<array>
				<string>A11AF2DA1CBD2D80002EED3E</string>
				<string>A11AF2DB1CBD2D80002EED3E</string>
			</array>
			<key>defaultConfigurationIsVisible</key>
			<string>0</string>
			<key>defaultConfigurationName</key>
			<string>Release</string>
			<key>isa</key>
			<string>XCConfigurationList</string>
		</dict>
		<key>A11AF2BE1CBD2D80002EED3E</key>
		<dict>
			<key>buildActionMask</key>
			<string>2147483647</string>
			<key>files</key>
			<array>
				<string>A131C6821CC3DDE000E0F10A</string>
				<string>A13719571CC13A680019BCC7</string>
				<string>A1BCF0631CC9237E00638DF8</string>
				<string>A131C68E1CC3E87B00E0F10A</string>
				<string>A131C6831CC3DDE000E0F10A</string>
				<string>A131C6891CC3E86600E0F10A</string>
				<string>A137195C1CC13BA90019BCC7</string>
				<string>A13719601CC13D960019BCC7</string>
				<string>A137196C1CC13DDC0019BCC7</string>
				<string>A13719661CC13DB90019BCC7</string>
				<string>A137195A1CC13A930019BCC7</string>
				<string>A131C6851CC3DDE000E0F10A</string>
				<string>A13719631CC13DAB0019BCC7</string>
				<string>A11AF3071CBD3500002EED3E</string>
				<string>A13719691CC13DC50019BCC7</string>
				<string>A11AF2FB1CBD2F3D002EED3E</string>
				<string>A11AF2FE1CBD2F3D002EED3E</string>
				<string>A131C6841CC3DDE000E0F10A</string>
				<string>A11AF2FC1CBD2F3D002EED3E</string>
				<string>A131C6761CC3D73C00E0F10A</string>
			</array>
			<key>isa</key>
			<string>PBXSourcesBuildPhase</string>
			<key>runOnlyForDeploymentPostprocessing</key>
			<string>0</string>
		</dict>
		<key>A11AF2BF1CBD2D80002EED3E</key>
		<dict>
			<key>buildActionMask</key>
			<string>2147483647</string>
			<key>files</key>
			<array>
				<string>E25FE6BE0171A5BD84D1A8D9</string>
			</array>
			<key>isa</key>
			<string>PBXFrameworksBuildPhase</string>
			<key>runOnlyForDeploymentPostprocessing</key>
			<string>0</string>
		</dict>
		<key>A11AF2C01CBD2D80002EED3E</key>
		<dict>
			<key>buildActionMask</key>
			<string>2147483647</string>
			<key>files</key>
			<array>
				<string>A131C68F1CC3E87B00E0F10A</string>
				<string>A1BD1C441CC9C3BF007854CE</string>
				<string>A1BCF0571CC9219500638DF8</string>
				<string>A131C68A1CC3E86600E0F10A</string>
				<string>A152B7951CC689F3007C5642</string>
				<string>A131C6771CC3D73C00E0F10A</string>
				<string>A1BD1C461CC9CC29007854CE</string>
				<string>A11DFC361CBFF92700802FF3</string>
				<string>A1BCF0641CC9237E00638DF8</string>
			</array>
			<key>isa</key>
			<string>PBXResourcesBuildPhase</string>
			<key>runOnlyForDeploymentPostprocessing</key>
			<string>0</string>
		</dict>
		<key>A11AF2C11CBD2D80002EED3E</key>
		<dict>
			<key>buildConfigurationList</key>
			<string>A11AF2DC1CBD2D80002EED3E</string>
			<key>buildPhases</key>
			<array>
				<string>35A6B4A95B7AC7B613CD16DC</string>
				<string>A11AF2BE1CBD2D80002EED3E</string>
				<string>A11AF2BF1CBD2D80002EED3E</string>
				<string>A11AF2C01CBD2D80002EED3E</string>
				<string>10DAAA414D7896F40A4F22CB</string>
				<string>D4281E38468E0F353ACDA65B</string>
			</array>
			<key>buildRules</key>
			<array/>
			<key>dependencies</key>
			<array/>
			<key>isa</key>
			<string>PBXNativeTarget</string>
			<key>name</key>
			<string>haho</string>
			<key>productName</key>
			<string>haho</string>
			<key>productReference</key>
			<string>A11AF2C21CBD2D80002EED3E</string>
			<key>productType</key>
			<string>com.apple.product-type.application</string>
		</dict>
		<key>A11AF2C21CBD2D80002EED3E</key>
		<dict>
			<key>explicitFileType</key>
			<string>wrapper.application</string>
			<key>includeInIndex</key>
			<string>0</string>
			<key>isa</key>
			<string>PBXFileReference</string>
			<key>path</key>
			<string>haho.app</string>
			<key>sourceTree</key>
			<string>BUILT_PRODUCTS_DIR</string>
		</dict>
		<key>A11AF2C31CBD2D80002EED3E</key>
		<dict>
			<key>children</key>
			<array>
				<string>A11AF2C21CBD2D80002EED3E</string>
			</array>
			<key>isa</key>
			<string>PBXGroup</string>
			<key>name</key>
			<string>Products</string>
			<key>sourceTree</key>
			<string>&lt;group&gt;</string>
		</dict>
		<key>A11AF2C41CBD2D80002EED3E</key>
		<dict>
			<key>children</key>
			<array>
				<string>A11AF2DF1CBD2F3D002EED3E</string>
				<string>A11AF2D41CBD2D80002EED3E</string>
				<string>A11AF2C51CBD2D80002EED3E</string>
			</array>
			<key>isa</key>
			<string>PBXGroup</string>
			<key>path</key>
			<string>haho</string>
			<key>sourceTree</key>
			<string>&lt;group&gt;</string>
		</dict>
		<key>A11AF2C51CBD2D80002EED3E</key>
		<dict>
			<key>children</key>
			<array/>
			<key>isa</key>
			<string>PBXGroup</string>
			<key>name</key>
			<string>Supporting Files</string>
			<key>sourceTree</key>
			<string>&lt;group&gt;</string>
		</dict>
		<key>A11AF2D41CBD2D80002EED3E</key>
		<dict>
			<key>isa</key>
			<string>PBXFileReference</string>
			<key>lastKnownFileType</key>
			<string>folder.assetcatalog</string>
			<key>path</key>
			<string>Assets.xcassets</string>
			<key>sourceTree</key>
			<string>&lt;group&gt;</string>
		</dict>
		<key>A11AF2DA1CBD2D80002EED3E</key>
		<dict>
			<key>buildSettings</key>
			<dict>
				<key>ALWAYS_SEARCH_USER_PATHS</key>
				<string>NO</string>
				<key>CLANG_ANALYZER_NONNULL</key>
				<string>YES</string>
				<key>CLANG_CXX_LANGUAGE_STANDARD</key>
				<string>gnu++0x</string>
				<key>CLANG_CXX_LIBRARY</key>
				<string>libc++</string>
				<key>CLANG_ENABLE_MODULES</key>
				<string>YES</string>
				<key>CLANG_ENABLE_OBJC_ARC</key>
				<string>YES</string>
				<key>CLANG_WARN_BOOL_CONVERSION</key>
				<string>YES</string>
				<key>CLANG_WARN_CONSTANT_CONVERSION</key>
				<string>YES</string>
				<key>CLANG_WARN_DIRECT_OBJC_ISA_USAGE</key>
				<string>YES_ERROR</string>
				<key>CLANG_WARN_EMPTY_BODY</key>
				<string>YES</string>
				<key>CLANG_WARN_ENUM_CONVERSION</key>
				<string>YES</string>
				<key>CLANG_WARN_INT_CONVERSION</key>
				<string>YES</string>
				<key>CLANG_WARN_OBJC_ROOT_CLASS</key>
				<string>YES_ERROR</string>
				<key>CLANG_WARN_UNREACHABLE_CODE</key>
				<string>YES</string>
				<key>CLANG_WARN__DUPLICATE_METHOD_MATCH</key>
				<string>YES</string>
				<key>CODE_SIGN_IDENTITY[sdk=iphoneos*]</key>
				<string>iPhone Developer</string>
				<key>COPY_PHASE_STRIP</key>
				<string>NO</string>
				<key>DEBUG_INFORMATION_FORMAT</key>
				<string>dwarf</string>
				<key>ENABLE_STRICT_OBJC_MSGSEND</key>
				<string>YES</string>
				<key>ENABLE_TESTABILITY</key>
				<string>YES</string>
				<key>GCC_C_LANGUAGE_STANDARD</key>
				<string>gnu99</string>
				<key>GCC_DYNAMIC_NO_PIC</key>
				<string>NO</string>
				<key>GCC_NO_COMMON_BLOCKS</key>
				<string>YES</string>
				<key>GCC_OPTIMIZATION_LEVEL</key>
				<string>0</string>
				<key>GCC_PREFIX_HEADER</key>
				<string>haho/class/Other/PrefixHeader.pch</string>
				<key>GCC_PREPROCESSOR_DEFINITIONS</key>
				<array>
					<string>DEBUG=1</string>
					<string>$(inherited)</string>
				</array>
				<key>GCC_WARN_64_TO_32_BIT_CONVERSION</key>
				<string>YES</string>
				<key>GCC_WARN_ABOUT_RETURN_TYPE</key>
				<string>YES_ERROR</string>
				<key>GCC_WARN_UNDECLARED_SELECTOR</key>
				<string>YES</string>
				<key>GCC_WARN_UNINITIALIZED_AUTOS</key>
				<string>YES_AGGRESSIVE</string>
				<key>GCC_WARN_UNUSED_FUNCTION</key>
				<string>YES</string>
				<key>GCC_WARN_UNUSED_VARIABLE</key>
				<string>YES</string>
				<key>IPHONEOS_DEPLOYMENT_TARGET</key>
				<string>8.0</string>
				<key>MTL_ENABLE_DEBUG_INFO</key>
				<string>YES</string>
				<key>ONLY_ACTIVE_ARCH</key>
				<string>YES</string>
				<key>SDKROOT</key>
				<string>iphoneos</string>
			</dict>
			<key>isa</key>
			<string>XCBuildConfiguration</string>
			<key>name</key>
			<string>Debug</string>
		</dict>
		<key>A11AF2DB1CBD2D80002EED3E</key>
		<dict>
			<key>buildSettings</key>
			<dict>
				<key>ALWAYS_SEARCH_USER_PATHS</key>
				<string>NO</string>
				<key>CLANG_ANALYZER_NONNULL</key>
				<string>YES</string>
				<key>CLANG_CXX_LANGUAGE_STANDARD</key>
				<string>gnu++0x</string>
				<key>CLANG_CXX_LIBRARY</key>
				<string>libc++</string>
				<key>CLANG_ENABLE_MODULES</key>
				<string>YES</string>
				<key>CLANG_ENABLE_OBJC_ARC</key>
				<string>YES</string>
				<key>CLANG_WARN_BOOL_CONVERSION</key>
				<string>YES</string>
				<key>CLANG_WARN_CONSTANT_CONVERSION</key>
				<string>YES</string>
				<key>CLANG_WARN_DIRECT_OBJC_ISA_USAGE</key>
				<string>YES_ERROR</string>
				<key>CLANG_WARN_EMPTY_BODY</key>
				<string>YES</string>
				<key>CLANG_WARN_ENUM_CONVERSION</key>
				<string>YES</string>
				<key>CLANG_WARN_INT_CONVERSION</key>
				<string>YES</string>
				<key>CLANG_WARN_OBJC_ROOT_CLASS</key>
				<string>YES_ERROR</string>
				<key>CLANG_WARN_UNREACHABLE_CODE</key>
				<string>YES</string>
				<key>CLANG_WARN__DUPLICATE_METHOD_MATCH</key>
				<string>YES</string>
				<key>CODE_SIGN_IDENTITY[sdk=iphoneos*]</key>
				<string>iPhone Developer</string>
				<key>COPY_PHASE_STRIP</key>
				<string>NO</string>
				<key>DEBUG_INFORMATION_FORMAT</key>
				<string>dwarf-with-dsym</string>
				<key>ENABLE_NS_ASSERTIONS</key>
				<string>NO</string>
				<key>ENABLE_STRICT_OBJC_MSGSEND</key>
				<string>YES</string>
				<key>GCC_C_LANGUAGE_STANDARD</key>
				<string>gnu99</string>
				<key>GCC_NO_COMMON_BLOCKS</key>
				<string>YES</string>
				<key>GCC_PREFIX_HEADER</key>
				<string>haho/class/Other/PrefixHeader.pch</string>
				<key>GCC_WARN_64_TO_32_BIT_CONVERSION</key>
				<string>YES</string>
				<key>GCC_WARN_ABOUT_RETURN_TYPE</key>
				<string>YES_ERROR</string>
				<key>GCC_WARN_UNDECLARED_SELECTOR</key>
				<string>YES</string>
				<key>GCC_WARN_UNINITIALIZED_AUTOS</key>
				<string>YES_AGGRESSIVE</string>
				<key>GCC_WARN_UNUSED_FUNCTION</key>
				<string>YES</string>
				<key>GCC_WARN_UNUSED_VARIABLE</key>
				<string>YES</string>
				<key>IPHONEOS_DEPLOYMENT_TARGET</key>
				<string>8.0</string>
				<key>MTL_ENABLE_DEBUG_INFO</key>
				<string>NO</string>
				<key>SDKROOT</key>
				<string>iphoneos</string>
				<key>VALIDATE_PRODUCT</key>
				<string>YES</string>
			</dict>
			<key>isa</key>
			<string>XCBuildConfiguration</string>
			<key>name</key>
			<string>Release</string>
		</dict>
		<key>A11AF2DC1CBD2D80002EED3E</key>
		<dict>
			<key>buildConfigurations</key>
			<array>
				<string>A11AF2DD1CBD2D80002EED3E</string>
				<string>A11AF2DE1CBD2D80002EED3E</string>
			</array>
			<key>defaultConfigurationIsVisible</key>
			<string>0</string>
			<key>defaultConfigurationName</key>
			<string>Release</string>
			<key>isa</key>
			<string>XCConfigurationList</string>
		</dict>
		<key>A11AF2DD1CBD2D80002EED3E</key>
		<dict>
			<key>baseConfigurationReference</key>
			<string>150D3FB52B40235673A05914</string>
			<key>buildSettings</key>
			<dict>
				<key>ASSETCATALOG_COMPILER_APPICON_NAME</key>
				<string>AppIcon</string>
				<key>ASSETCATALOG_COMPILER_LAUNCHIMAGE_NAME</key>
				<string>LaunchImage</string>
				<key>INFOPLIST_FILE</key>
				<string>$(SRCROOT)/haho/class/Other/Info.plist</string>
				<key>LD_RUNPATH_SEARCH_PATHS</key>
				<string>$(inherited) @executable_path/Frameworks</string>
				<key>PRODUCT_BUNDLE_IDENTIFIER</key>
				<string>com.vangehome.haho</string>
				<key>PRODUCT_NAME</key>
				<string>$(TARGET_NAME)</string>
			</dict>
			<key>isa</key>
			<string>XCBuildConfiguration</string>
			<key>name</key>
			<string>Debug</string>
		</dict>
		<key>A11AF2DE1CBD2D80002EED3E</key>
		<dict>
			<key>baseConfigurationReference</key>
			<string>79FD3F595C40EE4B4B44B0EC</string>
			<key>buildSettings</key>
			<dict>
				<key>ASSETCATALOG_COMPILER_APPICON_NAME</key>
				<string>AppIcon</string>
				<key>ASSETCATALOG_COMPILER_LAUNCHIMAGE_NAME</key>
				<string>LaunchImage</string>
				<key>INFOPLIST_FILE</key>
				<string>$(SRCROOT)/haho/class/Other/Info.plist</string>
				<key>LD_RUNPATH_SEARCH_PATHS</key>
				<string>$(inherited) @executable_path/Frameworks</string>
				<key>PRODUCT_BUNDLE_IDENTIFIER</key>
				<string>com.vangehome.haho</string>
				<key>PRODUCT_NAME</key>
				<string>$(TARGET_NAME)</string>
			</dict>
			<key>isa</key>
			<string>XCBuildConfiguration</string>
			<key>name</key>
			<string>Release</string>
		</dict>
		<key>A11AF2DF1CBD2F3D002EED3E</key>
		<dict>
			<key>children</key>
			<array>
				<string>A11AF2E01CBD2F3D002EED3E</string>
				<string>A11AF2E41CBD2F3D002EED3E</string>
				<string>A11AF2E81CBD2F3D002EED3E</string>
				<string>A11AF2EC1CBD2F3D002EED3E</string>
				<string>A11AF2F71CBD2F3D002EED3E</string>
				<string>A11AF2F01CBD2F3D002EED3E</string>
			</array>
			<key>isa</key>
			<string>PBXGroup</string>
			<key>path</key>
			<string>class</string>
			<key>sourceTree</key>
			<string>&lt;group&gt;</string>
		</dict>
		<key>A11AF2E01CBD2F3D002EED3E</key>
		<dict>
			<key>children</key>
			<array>
				<string>A11AF2E11CBD2F3D002EED3E</string>
				<string>A11AF2E21CBD2F3D002EED3E</string>
				<string>A11AF2E31CBD2F3D002EED3E</string>
			</array>
			<key>isa</key>
			<string>PBXGroup</string>
			<key>path</key>
			<string>Category</string>
			<key>sourceTree</key>
			<string>&lt;group&gt;</string>
		</dict>
		<key>A11AF2E11CBD2F3D002EED3E</key>
		<dict>
			<key>children</key>
			<array>
				<string>A137195E1CC13D960019BCC7</string>
				<string>A137195F1CC13D960019BCC7</string>
				<string>A1BD1C451CC9CC29007854CE</string>
			</array>
			<key>isa</key>
			<string>PBXGroup</string>
			<key>path</key>
			<string>Controller</string>
			<key>sourceTree</key>
			<string>&lt;group&gt;</string>
		</dict>
		<key>A11AF2E21CBD2F3D002EED3E</key>
		<dict>
			<key>children</key>
			<array/>
			<key>isa</key>
			<string>PBXGroup</string>
			<key>path</key>
			<string>Model</string>
			<key>sourceTree</key>
			<string>&lt;group&gt;</string>
		</dict>
		<key>A11AF2E31CBD2F3D002EED3E</key>
		<dict>
			<key>children</key>
			<array/>
			<key>isa</key>
			<string>PBXGroup</string>
			<key>path</key>
			<string>View</string>
			<key>sourceTree</key>
			<string>&lt;group&gt;</string>
		</dict>
		<key>A11AF2E41CBD2F3D002EED3E</key>
		<dict>
			<key>children</key>
			<array>
				<string>A11AF2E51CBD2F3D002EED3E</string>
				<string>A11AF2E61CBD2F3D002EED3E</string>
				<string>A11AF2E71CBD2F3D002EED3E</string>
			</array>
			<key>isa</key>
			<string>PBXGroup</string>
			<key>path</key>
			<string>Discover</string>
			<key>sourceTree</key>
			<string>&lt;group&gt;</string>
		</dict>
		<key>A11AF2E51CBD2F3D002EED3E</key>
		<dict>
			<key>children</key>
			<array>
				<string>A13719611CC13DAB0019BCC7</string>
				<string>A13719621CC13DAB0019BCC7</string>
			</array>
			<key>isa</key>
			<string>PBXGroup</string>
			<key>path</key>
			<string>Controller</string>
			<key>sourceTree</key>
			<string>&lt;group&gt;</string>
		</dict>
		<key>A11AF2E61CBD2F3D002EED3E</key>
		<dict>
			<key>children</key>
			<array/>
			<key>isa</key>
			<string>PBXGroup</string>
			<key>path</key>
			<string>Model</string>
			<key>sourceTree</key>
			<string>&lt;group&gt;</string>
		</dict>
		<key>A11AF2E71CBD2F3D002EED3E</key>
		<dict>
			<key>children</key>
			<array/>
			<key>isa</key>
			<string>PBXGroup</string>
			<key>path</key>
			<string>View</string>
			<key>sourceTree</key>
			<string>&lt;group&gt;</string>
		</dict>
		<key>A11AF2E81CBD2F3D002EED3E</key>
		<dict>
			<key>children</key>
			<array>
				<string>A11AF2E91CBD2F3D002EED3E</string>
				<string>A11AF2EA1CBD2F3D002EED3E</string>
				<string>A11AF2EB1CBD2F3D002EED3E</string>
			</array>
			<key>isa</key>
			<string>PBXGroup</string>
			<key>path</key>
			<string>Index</string>
			<key>sourceTree</key>
			<string>&lt;group&gt;</string>
		</dict>
		<key>A11AF2E91CBD2F3D002EED3E</key>
		<dict>
			<key>children</key>
			<array>
				<string>A13719641CC13DB90019BCC7</string>
				<string>A13719651CC13DB90019BCC7</string>
				<string>A1BD1C431CC9C3BF007854CE</string>
			</array>
			<key>isa</key>
			<string>PBXGroup</string>
			<key>path</key>
			<string>Controller</string>
			<key>sourceTree</key>
			<string>&lt;group&gt;</string>
		</dict>
		<key>A11AF2EA1CBD2F3D002EED3E</key>
		<dict>
			<key>children</key>
			<array/>
			<key>isa</key>
			<string>PBXGroup</string>
			<key>path</key>
			<string>Model</string>
			<key>sourceTree</key>
			<string>&lt;group&gt;</string>
		</dict>
		<key>A11AF2EB1CBD2F3D002EED3E</key>
		<dict>
			<key>children</key>
			<array/>
			<key>isa</key>
			<string>PBXGroup</string>
			<key>path</key>
			<string>View</string>
			<key>sourceTree</key>
			<string>&lt;group&gt;</string>
		</dict>
		<key>A11AF2EC1CBD2F3D002EED3E</key>
		<dict>
			<key>children</key>
			<array>
				<string>A11AF2ED1CBD2F3D002EED3E</string>
				<string>A11AF2EE1CBD2F3D002EED3E</string>
				<string>A11AF2EF1CBD2F3D002EED3E</string>
			</array>
			<key>isa</key>
			<string>PBXGroup</string>
			<key>path</key>
			<string>Me</string>
			<key>sourceTree</key>
			<string>&lt;group&gt;</string>
		</dict>
		<key>A11AF2ED1CBD2F3D002EED3E</key>
		<dict>
			<key>children</key>
			<array>
				<string>A13719671CC13DC50019BCC7</string>
				<string>A13719681CC13DC50019BCC7</string>
				<string>A152B7941CC689F3007C5642</string>
				<string>A131C6731CC3D73C00E0F10A</string>
				<string>A131C6741CC3D73C00E0F10A</string>
				<string>A131C6751CC3D73C00E0F10A</string>
				<string>A131C6861CC3E86600E0F10A</string>
				<string>A131C6871CC3E86600E0F10A</string>
				<string>A131C6881CC3E86600E0F10A</string>
				<string>A131C68B1CC3E87B00E0F10A</string>
				<string>A131C68C1CC3E87B00E0F10A</string>
				<string>A131C68D1CC3E87B00E0F10A</string>
			</array>
			<key>isa</key>
			<string>PBXGroup</string>
			<key>path</key>
			<string>Controller</string>
			<key>sourceTree</key>
			<string>&lt;group&gt;</string>
		</dict>
		<key>A11AF2EE1CBD2F3D002EED3E</key>
		<dict>
			<key>children</key>
			<array/>
			<key>isa</key>
			<string>PBXGroup</string>
			<key>path</key>
			<string>Model</string>
			<key>sourceTree</key>
			<string>&lt;group&gt;</string>
		</dict>
		<key>A11AF2EF1CBD2F3D002EED3E</key>
		<dict>
			<key>children</key>
			<array/>
			<key>isa</key>
			<string>PBXGroup</string>
			<key>path</key>
			<string>View</string>
			<key>sourceTree</key>
			<string>&lt;group&gt;</string>
		</dict>
		<key>A11AF2F01CBD2F3D002EED3E</key>
		<dict>
			<key>children</key>
			<array>
				<string>A11AF2F11CBD2F3D002EED3E</string>
				<string>A11AF2F21CBD2F3D002EED3E</string>
				<string>A11AF2F31CBD2F3D002EED3E</string>
				<string>A11AF2F51CBD2F3D002EED3E</string>
				<string>A137195B1CC13BA90019BCC7</string>
				<string>A11AF2F61CBD2F3D002EED3E</string>
				<string>A11AF3051CBD3500002EED3E</string>
				<string>A11AF3061CBD3500002EED3E</string>
				<string>A13719551CC13A680019BCC7</string>
				<string>A13719561CC13A680019BCC7</string>
				<string>A13719581CC13A930019BCC7</string>
				<string>A13719591CC13A930019BCC7</string>
				<string>A137195D1CC13C340019BCC7</string>
				<string>A131C6781CC3DDE000E0F10A</string>
				<string>A131C67B1CC3DDE000E0F10A</string>
			</array>
			<key>isa</key>
			<string>PBXGroup</string>
			<key>path</key>
			<string>Other</string>
			<key>sourceTree</key>
			<string>&lt;group&gt;</string>
		</dict>
		<key>A11AF2F11CBD2F3D002EED3E</key>
		<dict>
			<key>fileEncoding</key>
			<string>4</string>
			<key>isa</key>
			<string>PBXFileReference</string>
			<key>lastKnownFileType</key>
			<string>sourcecode.c.h</string>
			<key>path</key>
			<string>AppDelegate.h</string>
			<key>sourceTree</key>
			<string>&lt;group&gt;</string>
		</dict>
		<key>A11AF2F21CBD2F3D002EED3E</key>
		<dict>
			<key>fileEncoding</key>
			<string>4</string>
			<key>isa</key>
			<string>PBXFileReference</string>
			<key>lastKnownFileType</key>
			<string>sourcecode.c.objc</string>
			<key>path</key>
			<string>AppDelegate.m</string>
			<key>sourceTree</key>
			<string>&lt;group&gt;</string>
		</dict>
		<key>A11AF2F31CBD2F3D002EED3E</key>
		<dict>
			<key>children</key>
			<array>
				<string>A11AF2F41CBD2F3D002EED3E</string>
			</array>
			<key>currentVersion</key>
			<string>A11AF2F41CBD2F3D002EED3E</string>
			<key>isa</key>
			<string>XCVersionGroup</string>
			<key>path</key>
			<string>haho.xcdatamodeld</string>
			<key>sourceTree</key>
			<string>&lt;group&gt;</string>
			<key>versionGroupType</key>
			<string>wrapper.xcdatamodel</string>
		</dict>
		<key>A11AF2F41CBD2F3D002EED3E</key>
		<dict>
			<key>isa</key>
			<string>PBXFileReference</string>
			<key>lastKnownFileType</key>
			<string>wrapper.xcdatamodel</string>
			<key>path</key>
			<string>haho.xcdatamodel</string>
			<key>sourceTree</key>
			<string>&lt;group&gt;</string>
		</dict>
		<key>A11AF2F51CBD2F3D002EED3E</key>
		<dict>
			<key>fileEncoding</key>
			<string>4</string>
			<key>isa</key>
			<string>PBXFileReference</string>
			<key>lastKnownFileType</key>
			<string>text.plist.xml</string>
			<key>path</key>
			<string>Info.plist</string>
			<key>sourceTree</key>
			<string>&lt;group&gt;</string>
		</dict>
		<key>A11AF2F61CBD2F3D002EED3E</key>
		<dict>
			<key>fileEncoding</key>
			<string>4</string>
			<key>isa</key>
			<string>PBXFileReference</string>
			<key>lastKnownFileType</key>
			<string>sourcecode.c.objc</string>
			<key>path</key>
			<string>main.m</string>
			<key>sourceTree</key>
			<string>&lt;group&gt;</string>
		</dict>
		<key>A11AF2F71CBD2F3D002EED3E</key>
		<dict>
			<key>children</key>
			<array>
				<string>A11AF2F81CBD2F3D002EED3E</string>
				<string>A11AF2F91CBD2F3D002EED3E</string>
				<string>A11AF2FA1CBD2F3D002EED3E</string>
			</array>
			<key>isa</key>
			<string>PBXGroup</string>
			<key>path</key>
			<string>ShopCar</string>
			<key>sourceTree</key>
			<string>&lt;group&gt;</string>
		</dict>
		<key>A11AF2F81CBD2F3D002EED3E</key>
		<dict>
			<key>children</key>
			<array>
				<string>A137196A1CC13DDC0019BCC7</string>
				<string>A137196B1CC13DDC0019BCC7</string>
				<string>A1BCF0561CC9219500638DF8</string>
			</array>
			<key>isa</key>
			<string>PBXGroup</string>
			<key>path</key>
			<string>Controller</string>
			<key>sourceTree</key>
			<string>&lt;group&gt;</string>
		</dict>
		<key>A11AF2F91CBD2F3D002EED3E</key>
		<dict>
			<key>children</key>
			<array/>
			<key>isa</key>
			<string>PBXGroup</string>
			<key>path</key>
			<string>Model</string>
			<key>sourceTree</key>
			<string>&lt;group&gt;</string>
		</dict>
		<key>A11AF2FA1CBD2F3D002EED3E</key>
		<dict>
			<key>children</key>
			<array>
				<string>A1BCF0601CC9237E00638DF8</string>
				<string>A1BCF0611CC9237E00638DF8</string>
				<string>A1BCF0621CC9237E00638DF8</string>
			</array>
			<key>isa</key>
			<string>PBXGroup</string>
			<key>path</key>
			<string>View</string>
			<key>sourceTree</key>
			<string>&lt;group&gt;</string>
		</dict>
		<key>A11AF2FB1CBD2F3D002EED3E</key>
		<dict>
			<key>fileRef</key>
			<string>A11AF2F21CBD2F3D002EED3E</string>
			<key>isa</key>
			<string>PBXBuildFile</string>
		</dict>
		<key>A11AF2FC1CBD2F3D002EED3E</key>
		<dict>
			<key>fileRef</key>
			<string>A11AF2F31CBD2F3D002EED3E</string>
			<key>isa</key>
			<string>PBXBuildFile</string>
		</dict>
		<key>A11AF2FE1CBD2F3D002EED3E</key>
		<dict>
			<key>fileRef</key>
			<string>A11AF2F61CBD2F3D002EED3E</string>
			<key>isa</key>
			<string>PBXBuildFile</string>
		</dict>
		<key>A11AF3051CBD3500002EED3E</key>
		<dict>
			<key>fileEncoding</key>
			<string>4</string>
			<key>isa</key>
			<string>PBXFileReference</string>
			<key>lastKnownFileType</key>
			<string>sourcecode.c.h</string>
			<key>path</key>
			<string>HHTabBarViewController.h</string>
			<key>sourceTree</key>
			<string>&lt;group&gt;</string>
		</dict>
		<key>A11AF3061CBD3500002EED3E</key>
		<dict>
			<key>fileEncoding</key>
			<string>4</string>
			<key>isa</key>
			<string>PBXFileReference</string>
			<key>lastKnownFileType</key>
			<string>sourcecode.c.objc</string>
			<key>path</key>
			<string>HHTabBarViewController.m</string>
			<key>sourceTree</key>
			<string>&lt;group&gt;</string>
		</dict>
		<key>A11AF3071CBD3500002EED3E</key>
		<dict>
			<key>fileRef</key>
			<string>A11AF3061CBD3500002EED3E</string>
			<key>isa</key>
			<string>PBXBuildFile</string>
		</dict>
		<key>A11DFC361CBFF92700802FF3</key>
		<dict>
			<key>fileRef</key>
			<string>A11AF2D41CBD2D80002EED3E</string>
			<key>isa</key>
			<string>PBXBuildFile</string>
		</dict>
		<key>A131C6731CC3D73C00E0F10A</key>
		<dict>
			<key>fileEncoding</key>
			<string>4</string>
			<key>isa</key>
			<string>PBXFileReference</string>
			<key>lastKnownFileType</key>
			<string>sourcecode.c.h</string>
			<key>path</key>
			<string>HHLoginViewController.h</string>
			<key>sourceTree</key>
			<string>&lt;group&gt;</string>
		</dict>
		<key>A131C6741CC3D73C00E0F10A</key>
		<dict>
			<key>fileEncoding</key>
			<string>4</string>
			<key>isa</key>
			<string>PBXFileReference</string>
			<key>lastKnownFileType</key>
			<string>sourcecode.c.objc</string>
			<key>path</key>
			<string>HHLoginViewController.m</string>
			<key>sourceTree</key>
			<string>&lt;group&gt;</string>
		</dict>
		<key>A131C6751CC3D73C00E0F10A</key>
		<dict>
			<key>fileEncoding</key>
			<string>4</string>
			<key>isa</key>
			<string>PBXFileReference</string>
			<key>lastKnownFileType</key>
			<string>file.xib</string>
			<key>path</key>
			<string>HHLoginViewController.xib</string>
			<key>sourceTree</key>
			<string>&lt;group&gt;</string>
		</dict>
		<key>A131C6761CC3D73C00E0F10A</key>
		<dict>
			<key>fileRef</key>
			<string>A131C6741CC3D73C00E0F10A</string>
			<key>isa</key>
			<string>PBXBuildFile</string>
		</dict>
		<key>A131C6771CC3D73C00E0F10A</key>
		<dict>
			<key>fileRef</key>
			<string>A131C6751CC3D73C00E0F10A</string>
			<key>isa</key>
			<string>PBXBuildFile</string>
		</dict>
		<key>A131C6781CC3DDE000E0F10A</key>
		<dict>
			<key>children</key>
			<array>
				<string>A131C6791CC3DDE000E0F10A</string>
				<string>A131C67A1CC3DDE000E0F10A</string>
			</array>
			<key>isa</key>
			<string>PBXGroup</string>
			<key>path</key>
			<string>Base</string>
			<key>sourceTree</key>
			<string>&lt;group&gt;</string>
		</dict>
		<key>A131C6791CC3DDE000E0F10A</key>
		<dict>
			<key>fileEncoding</key>
			<string>4</string>
			<key>isa</key>
			<string>PBXFileReference</string>
			<key>lastKnownFileType</key>
			<string>sourcecode.c.h</string>
			<key>path</key>
			<string>MLBaseView.h</string>
			<key>sourceTree</key>
			<string>&lt;group&gt;</string>
		</dict>
		<key>A131C67A1CC3DDE000E0F10A</key>
		<dict>
			<key>fileEncoding</key>
			<string>4</string>
			<key>isa</key>
			<string>PBXFileReference</string>
			<key>lastKnownFileType</key>
			<string>sourcecode.c.objc</string>
			<key>path</key>
			<string>MLBaseView.m</string>
			<key>sourceTree</key>
			<string>&lt;group&gt;</string>
		</dict>
		<key>A131C67B1CC3DDE000E0F10A</key>
		<dict>
			<key>children</key>
			<array>
				<string>A131C67C1CC3DDE000E0F10A</string>
				<string>A131C67D1CC3DDE000E0F10A</string>
				<string>A131C67E1CC3DDE000E0F10A</string>
				<string>A131C67F1CC3DDE000E0F10A</string>
				<string>A131C6801CC3DDE000E0F10A</string>
				<string>A131C6811CC3DDE000E0F10A</string>
			</array>
			<key>isa</key>
			<string>PBXGroup</string>
			<key>path</key>
			<string>Objective-c</string>
			<key>sourceTree</key>
			<string>&lt;group&gt;</string>
		</dict>
		<key>A131C67C1CC3DDE000E0F10A</key>
		<dict>
			<key>fileEncoding</key>
			<string>4</string>
			<key>isa</key>
			<string>PBXFileReference</string>
			<key>lastKnownFileType</key>
			<string>sourcecode.c.h</string>
			<key>path</key>
			<string>UIButton+MBIBnspectable.h</string>
			<key>sourceTree</key>
			<string>&lt;group&gt;</string>
		</dict>
		<key>A131C67D1CC3DDE000E0F10A</key>
		<dict>
			<key>fileEncoding</key>
			<string>4</string>
			<key>isa</key>
			<string>PBXFileReference</string>
			<key>lastKnownFileType</key>
			<string>sourcecode.c.objc</string>
			<key>path</key>
			<string>UIButton+MBIBnspectable.m</string>
			<key>sourceTree</key>
			<string>&lt;group&gt;</string>
		</dict>
		<key>A131C67E1CC3DDE000E0F10A</key>
		<dict>
			<key>fileEncoding</key>
			<string>4</string>
			<key>isa</key>
			<string>PBXFileReference</string>
			<key>lastKnownFileType</key>
			<string>sourcecode.c.h</string>
			<key>path</key>
			<string>UILabel+MBIBnsepectable.h</string>
			<key>sourceTree</key>
			<string>&lt;group&gt;</string>
		</dict>
		<key>A131C67F1CC3DDE000E0F10A</key>
		<dict>
			<key>fileEncoding</key>
			<string>4</string>
			<key>isa</key>
			<string>PBXFileReference</string>
			<key>lastKnownFileType</key>
			<string>sourcecode.c.objc</string>
			<key>path</key>
			<string>UILabel+MBIBnsepectable.m</string>
			<key>sourceTree</key>
			<string>&lt;group&gt;</string>
		</dict>
		<key>A131C6801CC3DDE000E0F10A</key>
		<dict>
			<key>fileEncoding</key>
			<string>4</string>
			<key>isa</key>
			<string>PBXFileReference</string>
			<key>lastKnownFileType</key>
			<string>sourcecode.c.h</string>
			<key>path</key>
			<string>UIView+MBIBnspectable.h</string>
			<key>sourceTree</key>
			<string>&lt;group&gt;</string>
		</dict>
		<key>A131C6811CC3DDE000E0F10A</key>
		<dict>
			<key>fileEncoding</key>
			<string>4</string>
			<key>isa</key>
			<string>PBXFileReference</string>
			<key>lastKnownFileType</key>
			<string>sourcecode.c.objc</string>
			<key>path</key>
			<string>UIView+MBIBnspectable.m</string>
			<key>sourceTree</key>
			<string>&lt;group&gt;</string>
		</dict>
		<key>A131C6821CC3DDE000E0F10A</key>
		<dict>
			<key>fileRef</key>
			<string>A131C67A1CC3DDE000E0F10A</string>
			<key>isa</key>
			<string>PBXBuildFile</string>
		</dict>
		<key>A131C6831CC3DDE000E0F10A</key>
		<dict>
			<key>fileRef</key>
			<string>A131C67D1CC3DDE000E0F10A</string>
			<key>isa</key>
			<string>PBXBuildFile</string>
		</dict>
		<key>A131C6841CC3DDE000E0F10A</key>
		<dict>
			<key>fileRef</key>
			<string>A131C67F1CC3DDE000E0F10A</string>
			<key>isa</key>
			<string>PBXBuildFile</string>
		</dict>
		<key>A131C6851CC3DDE000E0F10A</key>
		<dict>
			<key>fileRef</key>
			<string>A131C6811CC3DDE000E0F10A</string>
			<key>isa</key>
			<string>PBXBuildFile</string>
		</dict>
		<key>A131C6861CC3E86600E0F10A</key>
		<dict>
			<key>fileEncoding</key>
			<string>4</string>
			<key>isa</key>
			<string>PBXFileReference</string>
			<key>lastKnownFileType</key>
			<string>sourcecode.c.h</string>
			<key>path</key>
			<string>HHRegViewController.h</string>
			<key>sourceTree</key>
			<string>&lt;group&gt;</string>
		</dict>
		<key>A131C6871CC3E86600E0F10A</key>
		<dict>
			<key>fileEncoding</key>
			<string>4</string>
			<key>isa</key>
			<string>PBXFileReference</string>
			<key>lastKnownFileType</key>
			<string>sourcecode.c.objc</string>
			<key>path</key>
			<string>HHRegViewController.m</string>
			<key>sourceTree</key>
			<string>&lt;group&gt;</string>
		</dict>
		<key>A131C6881CC3E86600E0F10A</key>
		<dict>
			<key>fileEncoding</key>
			<string>4</string>
			<key>isa</key>
			<string>PBXFileReference</string>
			<key>lastKnownFileType</key>
			<string>file.xib</string>
			<key>path</key>
			<string>HHRegViewController.xib</string>
			<key>sourceTree</key>
			<string>&lt;group&gt;</string>
		</dict>
		<key>A131C6891CC3E86600E0F10A</key>
		<dict>
			<key>fileRef</key>
			<string>A131C6871CC3E86600E0F10A</string>
			<key>isa</key>
			<string>PBXBuildFile</string>
		</dict>
		<key>A131C68A1CC3E86600E0F10A</key>
		<dict>
			<key>fileRef</key>
			<string>A131C6881CC3E86600E0F10A</string>
			<key>isa</key>
			<string>PBXBuildFile</string>
		</dict>
		<key>A131C68B1CC3E87B00E0F10A</key>
		<dict>
			<key>fileEncoding</key>
			<string>4</string>
			<key>isa</key>
			<string>PBXFileReference</string>
			<key>lastKnownFileType</key>
			<string>sourcecode.c.h</string>
			<key>path</key>
			<string>HHFindPasswordViewController.h</string>
			<key>sourceTree</key>
			<string>&lt;group&gt;</string>
		</dict>
		<key>A131C68C1CC3E87B00E0F10A</key>
		<dict>
			<key>fileEncoding</key>
			<string>4</string>
			<key>isa</key>
			<string>PBXFileReference</string>
			<key>lastKnownFileType</key>
			<string>sourcecode.c.objc</string>
			<key>path</key>
			<string>HHFindPasswordViewController.m</string>
			<key>sourceTree</key>
			<string>&lt;group&gt;</string>
		</dict>
		<key>A131C68D1CC3E87B00E0F10A</key>
		<dict>
			<key>fileEncoding</key>
			<string>4</string>
			<key>isa</key>
			<string>PBXFileReference</string>
			<key>lastKnownFileType</key>
			<string>file.xib</string>
			<key>path</key>
			<string>HHFindPasswordViewController.xib</string>
			<key>sourceTree</key>
			<string>&lt;group&gt;</string>
		</dict>
		<key>A131C68E1CC3E87B00E0F10A</key>
		<dict>
			<key>fileRef</key>
			<string>A131C68C1CC3E87B00E0F10A</string>
			<key>isa</key>
			<string>PBXBuildFile</string>
		</dict>
		<key>A131C68F1CC3E87B00E0F10A</key>
		<dict>
			<key>fileRef</key>
			<string>A131C68D1CC3E87B00E0F10A</string>
			<key>isa</key>
			<string>PBXBuildFile</string>
		</dict>
		<key>A13719551CC13A680019BCC7</key>
		<dict>
			<key>fileEncoding</key>
			<string>4</string>
			<key>isa</key>
			<string>PBXFileReference</string>
			<key>lastKnownFileType</key>
			<string>sourcecode.c.h</string>
			<key>path</key>
			<string>HHNavigationController.h</string>
			<key>sourceTree</key>
			<string>&lt;group&gt;</string>
		</dict>
		<key>A13719561CC13A680019BCC7</key>
		<dict>
			<key>fileEncoding</key>
			<string>4</string>
			<key>isa</key>
			<string>PBXFileReference</string>
			<key>lastKnownFileType</key>
			<string>sourcecode.c.objc</string>
			<key>path</key>
			<string>HHNavigationController.m</string>
			<key>sourceTree</key>
			<string>&lt;group&gt;</string>
		</dict>
		<key>A13719571CC13A680019BCC7</key>
		<dict>
			<key>fileRef</key>
			<string>A13719561CC13A680019BCC7</string>
			<key>isa</key>
			<string>PBXBuildFile</string>
		</dict>
		<key>A13719581CC13A930019BCC7</key>
		<dict>
			<key>fileEncoding</key>
			<string>4</string>
			<key>isa</key>
			<string>PBXFileReference</string>
			<key>lastKnownFileType</key>
			<string>sourcecode.c.h</string>
			<key>path</key>
			<string>HHTabBar.h</string>
			<key>sourceTree</key>
			<string>&lt;group&gt;</string>
		</dict>
		<key>A13719591CC13A930019BCC7</key>
		<dict>
			<key>fileEncoding</key>
			<string>4</string>
			<key>isa</key>
			<string>PBXFileReference</string>
			<key>lastKnownFileType</key>
			<string>sourcecode.c.objc</string>
			<key>path</key>
			<string>HHTabBar.m</string>
			<key>sourceTree</key>
			<string>&lt;group&gt;</string>
		</dict>
		<key>A137195A1CC13A930019BCC7</key>
		<dict>
			<key>fileRef</key>
			<string>A13719591CC13A930019BCC7</string>
			<key>isa</key>
			<string>PBXBuildFile</string>
		</dict>
		<key>A137195B1CC13BA90019BCC7</key>
		<dict>
			<key>fileEncoding</key>
			<string>4</string>
			<key>isa</key>
			<string>PBXFileReference</string>
			<key>lastKnownFileType</key>
			<string>sourcecode.c.objc</string>
			<key>path</key>
			<string>Foundation+Log.m</string>
			<key>sourceTree</key>
			<string>&lt;group&gt;</string>
		</dict>
		<key>A137195C1CC13BA90019BCC7</key>
		<dict>
			<key>fileRef</key>
			<string>A137195B1CC13BA90019BCC7</string>
			<key>isa</key>
			<string>PBXBuildFile</string>
		</dict>
		<key>A137195D1CC13C340019BCC7</key>
		<dict>
			<key>isa</key>
			<string>PBXFileReference</string>
			<key>lastKnownFileType</key>
			<string>sourcecode.c.h</string>
			<key>path</key>
			<string>PrefixHeader.pch</string>
			<key>sourceTree</key>
			<string>&lt;group&gt;</string>
		</dict>
		<key>A137195E1CC13D960019BCC7</key>
		<dict>
			<key>fileEncoding</key>
			<string>4</string>
			<key>isa</key>
			<string>PBXFileReference</string>
			<key>lastKnownFileType</key>
			<string>sourcecode.c.h</string>
			<key>path</key>
			<string>HHCategoryViewController.h</string>
			<key>sourceTree</key>
			<string>&lt;group&gt;</string>
		</dict>
		<key>A137195F1CC13D960019BCC7</key>
		<dict>
			<key>fileEncoding</key>
			<string>4</string>
			<key>isa</key>
			<string>PBXFileReference</string>
			<key>lastKnownFileType</key>
			<string>sourcecode.c.objc</string>
			<key>path</key>
			<string>HHCategoryViewController.m</string>
			<key>sourceTree</key>
			<string>&lt;group&gt;</string>
		</dict>
		<key>A13719601CC13D960019BCC7</key>
		<dict>
			<key>fileRef</key>
			<string>A137195F1CC13D960019BCC7</string>
			<key>isa</key>
			<string>PBXBuildFile</string>
		</dict>
		<key>A13719611CC13DAB0019BCC7</key>
		<dict>
			<key>fileEncoding</key>
			<string>4</string>
			<key>isa</key>
			<string>PBXFileReference</string>
			<key>lastKnownFileType</key>
			<string>sourcecode.c.h</string>
			<key>path</key>
			<string>HHDiscoverViewController.h</string>
			<key>sourceTree</key>
			<string>&lt;group&gt;</string>
		</dict>
		<key>A13719621CC13DAB0019BCC7</key>
		<dict>
			<key>fileEncoding</key>
			<string>4</string>
			<key>isa</key>
			<string>PBXFileReference</string>
			<key>lastKnownFileType</key>
			<string>sourcecode.c.objc</string>
			<key>path</key>
			<string>HHDiscoverViewController.m</string>
			<key>sourceTree</key>
			<string>&lt;group&gt;</string>
		</dict>
		<key>A13719631CC13DAB0019BCC7</key>
		<dict>
			<key>fileRef</key>
			<string>A13719621CC13DAB0019BCC7</string>
			<key>isa</key>
			<string>PBXBuildFile</string>
		</dict>
		<key>A13719641CC13DB90019BCC7</key>
		<dict>
			<key>fileEncoding</key>
			<string>4</string>
			<key>isa</key>
			<string>PBXFileReference</string>
			<key>lastKnownFileType</key>
			<string>sourcecode.c.h</string>
			<key>path</key>
			<string>HHIndexViewController.h</string>
			<key>sourceTree</key>
			<string>&lt;group&gt;</string>
		</dict>
		<key>A13719651CC13DB90019BCC7</key>
		<dict>
			<key>fileEncoding</key>
			<string>4</string>
			<key>isa</key>
			<string>PBXFileReference</string>
			<key>lastKnownFileType</key>
			<string>sourcecode.c.objc</string>
			<key>path</key>
			<string>HHIndexViewController.m</string>
			<key>sourceTree</key>
			<string>&lt;group&gt;</string>
		</dict>
		<key>A13719661CC13DB90019BCC7</key>
		<dict>
			<key>fileRef</key>
			<string>A13719651CC13DB90019BCC7</string>
			<key>isa</key>
			<string>PBXBuildFile</string>
		</dict>
		<key>A13719671CC13DC50019BCC7</key>
		<dict>
			<key>fileEncoding</key>
			<string>4</string>
			<key>isa</key>
			<string>PBXFileReference</string>
			<key>lastKnownFileType</key>
			<string>sourcecode.c.h</string>
			<key>path</key>
			<string>HHMeViewController.h</string>
			<key>sourceTree</key>
			<string>&lt;group&gt;</string>
		</dict>
		<key>A13719681CC13DC50019BCC7</key>
		<dict>
			<key>fileEncoding</key>
			<string>4</string>
			<key>isa</key>
			<string>PBXFileReference</string>
			<key>lastKnownFileType</key>
			<string>sourcecode.c.objc</string>
			<key>path</key>
			<string>HHMeViewController.m</string>
			<key>sourceTree</key>
			<string>&lt;group&gt;</string>
		</dict>
		<key>A13719691CC13DC50019BCC7</key>
		<dict>
			<key>fileRef</key>
			<string>A13719681CC13DC50019BCC7</string>
			<key>isa</key>
			<string>PBXBuildFile</string>
		</dict>
		<key>A137196A1CC13DDC0019BCC7</key>
		<dict>
			<key>fileEncoding</key>
			<string>4</string>
			<key>isa</key>
			<string>PBXFileReference</string>
			<key>lastKnownFileType</key>
			<string>sourcecode.c.h</string>
			<key>path</key>
			<string>HHShopcarViewController.h</string>
			<key>sourceTree</key>
			<string>&lt;group&gt;</string>
		</dict>
		<key>A137196B1CC13DDC0019BCC7</key>
		<dict>
			<key>fileEncoding</key>
			<string>4</string>
			<key>isa</key>
			<string>PBXFileReference</string>
			<key>lastKnownFileType</key>
			<string>sourcecode.c.objc</string>
			<key>path</key>
			<string>HHShopcarViewController.m</string>
			<key>sourceTree</key>
			<string>&lt;group&gt;</string>
		</dict>
		<key>A137196C1CC13DDC0019BCC7</key>
		<dict>
			<key>fileRef</key>
			<string>A137196B1CC13DDC0019BCC7</string>
			<key>isa</key>
			<string>PBXBuildFile</string>
		</dict>
		<key>A152B7941CC689F3007C5642</key>
		<dict>
			<key>fileEncoding</key>
			<string>4</string>
			<key>isa</key>
			<string>PBXFileReference</string>
			<key>lastKnownFileType</key>
			<string>file.xib</string>
			<key>path</key>
			<string>HHMeViewController.xib</string>
			<key>sourceTree</key>
			<string>&lt;group&gt;</string>
		</dict>
		<key>A152B7951CC689F3007C5642</key>
		<dict>
			<key>fileRef</key>
			<string>A152B7941CC689F3007C5642</string>
			<key>isa</key>
			<string>PBXBuildFile</string>
		</dict>
		<key>A1BCF0561CC9219500638DF8</key>
		<dict>
			<key>fileEncoding</key>
			<string>4</string>
			<key>isa</key>
			<string>PBXFileReference</string>
			<key>lastKnownFileType</key>
			<string>file.xib</string>
			<key>path</key>
			<string>HHShopcarViewController.xib</string>
			<key>sourceTree</key>
			<string>&lt;group&gt;</string>
		</dict>
		<key>A1BCF0571CC9219500638DF8</key>
		<dict>
			<key>fileRef</key>
			<string>A1BCF0561CC9219500638DF8</string>
			<key>isa</key>
			<string>PBXBuildFile</string>
		</dict>
		<key>A1BCF0601CC9237E00638DF8</key>
		<dict>
			<key>fileEncoding</key>
			<string>4</string>
			<key>isa</key>
			<string>PBXFileReference</string>
			<key>lastKnownFileType</key>
			<string>sourcecode.c.h</string>
			<key>path</key>
			<string>HHShopCarTableViewCell.h</string>
			<key>sourceTree</key>
			<string>&lt;group&gt;</string>
		</dict>
		<key>A1BCF0611CC9237E00638DF8</key>
		<dict>
			<key>fileEncoding</key>
			<string>4</string>
			<key>isa</key>
			<string>PBXFileReference</string>
			<key>lastKnownFileType</key>
			<string>sourcecode.c.objc</string>
			<key>path</key>
			<string>HHShopCarTableViewCell.m</string>
			<key>sourceTree</key>
			<string>&lt;group&gt;</string>
		</dict>
		<key>A1BCF0621CC9237E00638DF8</key>
		<dict>
			<key>fileEncoding</key>
			<string>4</string>
			<key>isa</key>
			<string>PBXFileReference</string>
			<key>lastKnownFileType</key>
			<string>file.xib</string>
			<key>path</key>
			<string>HHShopCarTableViewCell.xib</string>
			<key>sourceTree</key>
			<string>&lt;group&gt;</string>
		</dict>
		<key>A1BCF0631CC9237E00638DF8</key>
		<dict>
			<key>fileRef</key>
			<string>A1BCF0611CC9237E00638DF8</string>
			<key>isa</key>
			<string>PBXBuildFile</string>
		</dict>
		<key>A1BCF0641CC9237E00638DF8</key>
		<dict>
			<key>fileRef</key>
			<string>A1BCF0621CC9237E00638DF8</string>
			<key>isa</key>
			<string>PBXBuildFile</string>
		</dict>
		<key>A1BD1C431CC9C3BF007854CE</key>
		<dict>
			<key>fileEncoding</key>
			<string>4</string>
			<key>isa</key>
			<string>PBXFileReference</string>
			<key>lastKnownFileType</key>
			<string>file.xib</string>
			<key>path</key>
			<string>HHIndexViewController.xib</string>
			<key>sourceTree</key>
			<string>&lt;group&gt;</string>
		</dict>
		<key>A1BD1C441CC9C3BF007854CE</key>
		<dict>
			<key>fileRef</key>
			<string>A1BD1C431CC9C3BF007854CE</string>
			<key>isa</key>
			<string>PBXBuildFile</string>
		</dict>
		<key>A1BD1C451CC9CC29007854CE</key>
		<dict>
			<key>fileEncoding</key>
			<string>4</string>
			<key>isa</key>
			<string>PBXFileReference</string>
			<key>lastKnownFileType</key>
			<string>file.xib</string>
			<key>path</key>
			<string>HHCategoryViewController.xib</string>
			<key>sourceTree</key>
			<string>&lt;group&gt;</string>
		</dict>
		<key>A1BD1C461CC9CC29007854CE</key>
		<dict>
			<key>fileRef</key>
			<string>A1BD1C451CC9CC29007854CE</string>
			<key>isa</key>
			<string>PBXBuildFile</string>
		</dict>
		<key>B09BE767ADF1DD964CCF3F43</key>
		<dict>
			<key>explicitFileType</key>
			<string>archive.ar</string>
			<key>includeInIndex</key>
			<string>0</string>
			<key>isa</key>
			<string>PBXFileReference</string>
			<key>path</key>
			<string>libPods.a</string>
			<key>sourceTree</key>
			<string>BUILT_PRODUCTS_DIR</string>
		</dict>
		<key>D4281E38468E0F353ACDA65B</key>
		<dict>
			<key>buildActionMask</key>
			<string>2147483647</string>
			<key>files</key>
			<array/>
			<key>inputPaths</key>
			<array/>
			<key>isa</key>
			<string>PBXShellScriptBuildPhase</string>
			<key>name</key>
			<string>Copy Pods Resources</string>
			<key>outputPaths</key>
			<array/>
			<key>runOnlyForDeploymentPostprocessing</key>
			<string>0</string>
			<key>shellPath</key>
			<string>/bin/sh</string>
			<key>shellScript</key>
			<string>"${SRCROOT}/Pods/Target Support Files/Pods/Pods-resources.sh"
</string>
			<key>showEnvVarsInLog</key>
			<string>0</string>
		</dict>
		<key>E25FE6BE0171A5BD84D1A8D9</key>
		<dict>
			<key>fileRef</key>
			<string>B09BE767ADF1DD964CCF3F43</string>
			<key>isa</key>
			<string>PBXBuildFile</string>
		</dict>
		<key>EF696F74BAEF0A10DB0D250F</key>
		<dict>
			<key>children</key>
			<array>
				<string>B09BE767ADF1DD964CCF3F43</string>
			</array>
			<key>isa</key>
			<string>PBXGroup</string>
			<key>name</key>
			<string>Frameworks</string>
			<key>sourceTree</key>
			<string>&lt;group&gt;</string>
		</dict>
	</dict>
	<key>rootObject</key>
	<string>A11AF2BA1CBD2D80002EED3E</string>
</dict>
</plist>
